// !$*UTF8*$!
{
	archiveVersion = 1;
	classes = {
	};
	objectVersion = 46;
	objects = {

/* Begin PBXBuildFile section */
		D54B03F71EC2482D004758E7 /* FastLaneMatchTestProjectUITests.swift in Sources */ = {isa = PBXBuildFile; fileRef = D54B03F61EC2482D004758E7 /* FastLaneMatchTestProjectUITests.swift */; };
		D58B5BEA1EC0F17800FA8762 /* AppDelegate.swift in Sources */ = {isa = PBXBuildFile; fileRef = D58B5BE91EC0F17800FA8762 /* AppDelegate.swift */; };
		D58B5BEC1EC0F17800FA8762 /* ViewController.swift in Sources */ = {isa = PBXBuildFile; fileRef = D58B5BEB1EC0F17800FA8762 /* ViewController.swift */; };
		D58B5BEF1EC0F17800FA8762 /* Main.storyboard in Resources */ = {isa = PBXBuildFile; fileRef = D58B5BED1EC0F17800FA8762 /* Main.storyboard */; };
		D58B5BF11EC0F17800FA8762 /* Assets.xcassets in Resources */ = {isa = PBXBuildFile; fileRef = D58B5BF01EC0F17800FA8762 /* Assets.xcassets */; };
		D58B5BF41EC0F17800FA8762 /* LaunchScreen.storyboard in Resources */ = {isa = PBXBuildFile; fileRef = D58B5BF21EC0F17800FA8762 /* LaunchScreen.storyboard */; };
/* End PBXBuildFile section */

/* Begin PBXContainerItemProxy section */
		D54B03F91EC2482D004758E7 /* PBXContainerItemProxy */ = {
			isa = PBXContainerItemProxy;
			containerPortal = D58B5BDE1EC0F17800FA8762 /* Project object */;
			proxyType = 1;
			remoteGlobalIDString = D58B5BE51EC0F17800FA8762;
			remoteInfo = FastLaneMatchTestProject;
		};
/* End PBXContainerItemProxy section */

/* Begin PBXFileReference section */
		D54B03F41EC2482D004758E7 /* FastLaneMatchTestProjectUITests.xctest */ = {isa = PBXFileReference; explicitFileType = wrapper.cfbundle; includeInIndex = 0; path = FastLaneMatchTestProjectUITests.xctest; sourceTree = BUILT_PRODUCTS_DIR; };
		D54B03F61EC2482D004758E7 /* FastLaneMatchTestProjectUITests.swift */ = {isa = PBXFileReference; lastKnownFileType = sourcecode.swift; path = FastLaneMatchTestProjectUITests.swift; sourceTree = "<group>"; };
		D54B03F81EC2482D004758E7 /* Info.plist */ = {isa = PBXFileReference; lastKnownFileType = text.plist.xml; path = Info.plist; sourceTree = "<group>"; };
		D58B5BE61EC0F17800FA8762 /* FastLaneMatchTestProject.app */ = {isa = PBXFileReference; explicitFileType = wrapper.application; includeInIndex = 0; path = FastLaneMatchTestProject.app; sourceTree = BUILT_PRODUCTS_DIR; };
		D58B5BE91EC0F17800FA8762 /* AppDelegate.swift */ = {isa = PBXFileReference; lastKnownFileType = sourcecode.swift; path = AppDelegate.swift; sourceTree = "<group>"; };
		D58B5BEB1EC0F17800FA8762 /* ViewController.swift */ = {isa = PBXFileReference; lastKnownFileType = sourcecode.swift; path = ViewController.swift; sourceTree = "<group>"; };
		D58B5BEE1EC0F17800FA8762 /* Base */ = {isa = PBXFileReference; lastKnownFileType = file.storyboard; name = Base; path = Base.lproj/Main.storyboard; sourceTree = "<group>"; };
		D58B5BF01EC0F17800FA8762 /* Assets.xcassets */ = {isa = PBXFileReference; lastKnownFileType = folder.assetcatalog; path = Assets.xcassets; sourceTree = "<group>"; };
		D58B5BF31EC0F17800FA8762 /* Base */ = {isa = PBXFileReference; lastKnownFileType = file.storyboard; name = Base; path = Base.lproj/LaunchScreen.storyboard; sourceTree = "<group>"; };
		D58B5BF51EC0F17800FA8762 /* Info.plist */ = {isa = PBXFileReference; lastKnownFileType = text.plist.xml; path = Info.plist; sourceTree = "<group>"; };
/* End PBXFileReference section */

/* Begin PBXFrameworksBuildPhase section */
		D54B03F11EC2482D004758E7 /* Frameworks */ = {
			isa = PBXFrameworksBuildPhase;
			buildActionMask = 2147483647;
			files = (
			);
			runOnlyForDeploymentPostprocessing = 0;
		};
		D58B5BE31EC0F17800FA8762 /* Frameworks */ = {
			isa = PBXFrameworksBuildPhase;
			buildActionMask = 2147483647;
			files = (
			);
			runOnlyForDeploymentPostprocessing = 0;
		};
/* End PBXFrameworksBuildPhase section */

/* Begin PBXGroup section */
		D54B03F51EC2482D004758E7 /* FastLaneMatchTestProjectUITests */ = {
			isa = PBXGroup;
			children = (
				D54B03F61EC2482D004758E7 /* FastLaneMatchTestProjectUITests.swift */,
				D54B03F81EC2482D004758E7 /* Info.plist */,
			);
			path = FastLaneMatchTestProjectUITests;
			sourceTree = "<group>";
		};
		D58B5BDD1EC0F17800FA8762 = {
			isa = PBXGroup;
			children = (
				D58B5BE81EC0F17800FA8762 /* FastLaneMatchTestProject */,
				D54B03F51EC2482D004758E7 /* FastLaneMatchTestProjectUITests */,
				D58B5BE71EC0F17800FA8762 /* Products */,
			);
			sourceTree = "<group>";
		};
		D58B5BE71EC0F17800FA8762 /* Products */ = {
			isa = PBXGroup;
			children = (
				D58B5BE61EC0F17800FA8762 /* FastLaneMatchTestProject.app */,
				D54B03F41EC2482D004758E7 /* FastLaneMatchTestProjectUITests.xctest */,
			);
			name = Products;
			sourceTree = "<group>";
		};
		D58B5BE81EC0F17800FA8762 /* FastLaneMatchTestProject */ = {
			isa = PBXGroup;
			children = (
				D58B5BE91EC0F17800FA8762 /* AppDelegate.swift */,
				D58B5BEB1EC0F17800FA8762 /* ViewController.swift */,
				D58B5BED1EC0F17800FA8762 /* Main.storyboard */,
				D58B5BF01EC0F17800FA8762 /* Assets.xcassets */,
				D58B5BF21EC0F17800FA8762 /* LaunchScreen.storyboard */,
				D58B5BF51EC0F17800FA8762 /* Info.plist */,
			);
			path = FastLaneMatchTestProject;
			sourceTree = "<group>";
		};
/* End PBXGroup section */

/* Begin PBXNativeTarget section */
		D54B03F31EC2482D004758E7 /* FastLaneMatchTestProjectUITests */ = {
			isa = PBXNativeTarget;
			buildConfigurationList = D54B03FD1EC2482D004758E7 /* Build configuration list for PBXNativeTarget "FastLaneMatchTestProjectUITests" */;
			buildPhases = (
				D54B03F01EC2482D004758E7 /* Sources */,
				D54B03F11EC2482D004758E7 /* Frameworks */,
				D54B03F21EC2482D004758E7 /* Resources */,
			);
			buildRules = (
			);
			dependencies = (
				D54B03FA1EC2482D004758E7 /* PBXTargetDependency */,
			);
			name = FastLaneMatchTestProjectUITests;
			productName = FastLaneMatchTestProjectUITests;
			productReference = D54B03F41EC2482D004758E7 /* FastLaneMatchTestProjectUITests.xctest */;
			productType = "com.apple.product-type.bundle.ui-testing";
		};
		D58B5BE51EC0F17800FA8762 /* FastLaneMatchTestProject */ = {
			isa = PBXNativeTarget;
			buildConfigurationList = D58B5BF81EC0F17800FA8762 /* Build configuration list for PBXNativeTarget "FastLaneMatchTestProject" */;
			buildPhases = (
				D58B5BE21EC0F17800FA8762 /* Sources */,
				D58B5BE31EC0F17800FA8762 /* Frameworks */,
				D58B5BE41EC0F17800FA8762 /* Resources */,
			);
			buildRules = (
			);
			dependencies = (
			);
			name = FastLaneMatchTestProject;
			productName = FastLaneMatchTestProject;
			productReference = D58B5BE61EC0F17800FA8762 /* FastLaneMatchTestProject.app */;
			productType = "com.apple.product-type.application";
		};
/* End PBXNativeTarget section */

/* Begin PBXProject section */
		D58B5BDE1EC0F17800FA8762 /* Project object */ = {
			isa = PBXProject;
			attributes = {
				LastSwiftUpdateCheck = 0820;
				LastUpgradeCheck = 0820;
				ORGANIZATIONNAME = TribalScale;
				TargetAttributes = {
					D54B03F31EC2482D004758E7 = {
						CreatedOnToolsVersion = 8.2;
						DevelopmentTeam = 2CMT89HYL2;
						ProvisioningStyle = Automatic;
						TestTargetID = D58B5BE51EC0F17800FA8762;
					};
					D58B5BE51EC0F17800FA8762 = {
						CreatedOnToolsVersion = 8.2;
						DevelopmentTeam = 2CMT89HYL2;
						ProvisioningStyle = Manual;
					};
				};
			};
			buildConfigurationList = D58B5BE11EC0F17800FA8762 /* Build configuration list for PBXProject "FastLaneMatchTestProject" */;
			compatibilityVersion = "Xcode 3.2";
			developmentRegion = English;
			hasScannedForEncodings = 0;
			knownRegions = (
				en,
				Base,
			);
			mainGroup = D58B5BDD1EC0F17800FA8762;
			productRefGroup = D58B5BE71EC0F17800FA8762 /* Products */;
			projectDirPath = "";
			projectRoot = "";
			targets = (
				D58B5BE51EC0F17800FA8762 /* FastLaneMatchTestProject */,
				D54B03F31EC2482D004758E7 /* FastLaneMatchTestProjectUITests */,
			);
		};
/* End PBXProject section */

/* Begin PBXResourcesBuildPhase section */
		D54B03F21EC2482D004758E7 /* Resources */ = {
			isa = PBXResourcesBuildPhase;
			buildActionMask = 2147483647;
			files = (
			);
			runOnlyForDeploymentPostprocessing = 0;
		};
		D58B5BE41EC0F17800FA8762 /* Resources */ = {
			isa = PBXResourcesBuildPhase;
			buildActionMask = 2147483647;
			files = (
				D58B5BF41EC0F17800FA8762 /* LaunchScreen.storyboard in Resources */,
				D58B5BF11EC0F17800FA8762 /* Assets.xcassets in Resources */,
				D58B5BEF1EC0F17800FA8762 /* Main.storyboard in Resources */,
			);
			runOnlyForDeploymentPostprocessing = 0;
		};
/* End PBXResourcesBuildPhase section */

/* Begin PBXSourcesBuildPhase section */
		D54B03F01EC2482D004758E7 /* Sources */ = {
			isa = PBXSourcesBuildPhase;
			buildActionMask = 2147483647;
			files = (
				D54B03F71EC2482D004758E7 /* FastLaneMatchTestProjectUITests.swift in Sources */,
			);
			runOnlyForDeploymentPostprocessing = 0;
		};
		D58B5BE21EC0F17800FA8762 /* Sources */ = {
			isa = PBXSourcesBuildPhase;
			buildActionMask = 2147483647;
			files = (
				D58B5BEC1EC0F17800FA8762 /* ViewController.swift in Sources */,
				D58B5BEA1EC0F17800FA8762 /* AppDelegate.swift in Sources */,
			);
			runOnlyForDeploymentPostprocessing = 0;
		};
/* End PBXSourcesBuildPhase section */

/* Begin PBXTargetDependency section */
		D54B03FA1EC2482D004758E7 /* PBXTargetDependency */ = {
			isa = PBXTargetDependency;
			target = D58B5BE51EC0F17800FA8762 /* FastLaneMatchTestProject */;
			targetProxy = D54B03F91EC2482D004758E7 /* PBXContainerItemProxy */;
		};
/* End PBXTargetDependency section */

/* Begin PBXVariantGroup section */
		D58B5BED1EC0F17800FA8762 /* Main.storyboard */ = {
			isa = PBXVariantGroup;
			children = (
				D58B5BEE1EC0F17800FA8762 /* Base */,
			);
			name = Main.storyboard;
			sourceTree = "<group>";
		};
		D58B5BF21EC0F17800FA8762 /* LaunchScreen.storyboard */ = {
			isa = PBXVariantGroup;
			children = (
				D58B5BF31EC0F17800FA8762 /* Base */,
			);
			name = LaunchScreen.storyboard;
			sourceTree = "<group>";
		};
/* End PBXVariantGroup section */

/* Begin XCBuildConfiguration section */
		D54B03FB1EC2482D004758E7 /* Debug */ = {
			isa = XCBuildConfiguration;
			buildSettings = {
				DEVELOPMENT_TEAM = 2CMT89HYL2;
				INFOPLIST_FILE = FastLaneMatchTestProjectUITests/Info.plist;
				IPHONEOS_DEPLOYMENT_TARGET = 10.2;
				LD_RUNPATH_SEARCH_PATHS = "$(inherited) @executable_path/Frameworks @loader_path/Frameworks";
				PRODUCT_BUNDLE_IDENTIFIER = com.tribalscale.FastLaneMatchTestProjectUITests;
				PRODUCT_NAME = "$(TARGET_NAME)";
				PROVISIONING_PROFILE = "5f690d7d-6cdb-47d7-8486-129bd7a2b475";
				SWIFT_VERSION = 3.0;
				TEST_TARGET_NAME = FastLaneMatchTestProject;
			};
			name = Debug;
		};
		D54B03FC1EC2482D004758E7 /* Release */ = {
			isa = XCBuildConfiguration;
			buildSettings = {
				DEVELOPMENT_TEAM = 2CMT89HYL2;
				INFOPLIST_FILE = FastLaneMatchTestProjectUITests/Info.plist;
				IPHONEOS_DEPLOYMENT_TARGET = 10.2;
				LD_RUNPATH_SEARCH_PATHS = "$(inherited) @executable_path/Frameworks @loader_path/Frameworks";
				PRODUCT_BUNDLE_IDENTIFIER = com.tribalscale.FastLaneMatchTestProjectUITests;
				PRODUCT_NAME = "$(TARGET_NAME)";
				PROVISIONING_PROFILE = "5f690d7d-6cdb-47d7-8486-129bd7a2b475";
				SWIFT_VERSION = 3.0;
				TEST_TARGET_NAME = FastLaneMatchTestProject;
			};
			name = Release;
		};
		D58B5BF61EC0F17800FA8762 /* Debug */ = {
			isa = XCBuildConfiguration;
			buildSettings = {
				ALWAYS_SEARCH_USER_PATHS = NO;
				CLANG_ANALYZER_NONNULL = YES;
				CLANG_CXX_LANGUAGE_STANDARD = "gnu++0x";
				CLANG_CXX_LIBRARY = "libc++";
				CLANG_ENABLE_MODULES = YES;
				CLANG_ENABLE_OBJC_ARC = YES;
				CLANG_WARN_BOOL_CONVERSION = YES;
				CLANG_WARN_CONSTANT_CONVERSION = YES;
				CLANG_WARN_DIRECT_OBJC_ISA_USAGE = YES_ERROR;
				CLANG_WARN_DOCUMENTATION_COMMENTS = YES;
				CLANG_WARN_EMPTY_BODY = YES;
				CLANG_WARN_ENUM_CONVERSION = YES;
				CLANG_WARN_INFINITE_RECURSION = YES;
				CLANG_WARN_INT_CONVERSION = YES;
				CLANG_WARN_OBJC_ROOT_CLASS = YES_ERROR;
				CLANG_WARN_SUSPICIOUS_MOVE = YES;
				CLANG_WARN_UNREACHABLE_CODE = YES;
				CLANG_WARN__DUPLICATE_METHOD_MATCH = YES;
				CODE_SIGN_IDENTITY = "iPhone Developer: TribalScale Inc (9LV3AENL69)";
				"CODE_SIGN_IDENTITY[sdk=iphoneos*]" = "iPhone Developer";
				COPY_PHASE_STRIP = NO;
				DEBUG_INFORMATION_FORMAT = dwarf;
				ENABLE_STRICT_OBJC_MSGSEND = YES;
				ENABLE_TESTABILITY = YES;
				GCC_C_LANGUAGE_STANDARD = gnu99;
				GCC_DYNAMIC_NO_PIC = NO;
				GCC_NO_COMMON_BLOCKS = YES;
				GCC_OPTIMIZATION_LEVEL = 0;
				GCC_PREPROCESSOR_DEFINITIONS = (
					"DEBUG=1",
					"$(inherited)",
				);
				GCC_WARN_64_TO_32_BIT_CONVERSION = YES;
				GCC_WARN_ABOUT_RETURN_TYPE = YES_ERROR;
				GCC_WARN_UNDECLARED_SELECTOR = YES;
				GCC_WARN_UNINITIALIZED_AUTOS = YES_AGGRESSIVE;
				GCC_WARN_UNUSED_FUNCTION = YES;
				GCC_WARN_UNUSED_VARIABLE = YES;
				IPHONEOS_DEPLOYMENT_TARGET = 10.0;
				MTL_ENABLE_DEBUG_INFO = YES;
				ONLY_ACTIVE_ARCH = YES;
				SDKROOT = iphoneos;
				SWIFT_ACTIVE_COMPILATION_CONDITIONS = DEBUG;
				SWIFT_OPTIMIZATION_LEVEL = "-Onone";
				TARGETED_DEVICE_FAMILY = "1,2";
			};
			name = Debug;
		};
		D58B5BF71EC0F17800FA8762 /* Release */ = {
			isa = XCBuildConfiguration;
			buildSettings = {
				ALWAYS_SEARCH_USER_PATHS = NO;
				CLANG_ANALYZER_NONNULL = YES;
				CLANG_CXX_LANGUAGE_STANDARD = "gnu++0x";
				CLANG_CXX_LIBRARY = "libc++";
				CLANG_ENABLE_MODULES = YES;
				CLANG_ENABLE_OBJC_ARC = YES;
				CLANG_WARN_BOOL_CONVERSION = YES;
				CLANG_WARN_CONSTANT_CONVERSION = YES;
				CLANG_WARN_DIRECT_OBJC_ISA_USAGE = YES_ERROR;
				CLANG_WARN_DOCUMENTATION_COMMENTS = YES;
				CLANG_WARN_EMPTY_BODY = YES;
				CLANG_WARN_ENUM_CONVERSION = YES;
				CLANG_WARN_INFINITE_RECURSION = YES;
				CLANG_WARN_INT_CONVERSION = YES;
				CLANG_WARN_OBJC_ROOT_CLASS = YES_ERROR;
				CLANG_WARN_SUSPICIOUS_MOVE = YES;
				CLANG_WARN_UNREACHABLE_CODE = YES;
				CLANG_WARN__DUPLICATE_METHOD_MATCH = YES;
				"CODE_SIGN_IDENTITY[sdk=iphoneos*]" = "iPhone Developer";
				COPY_PHASE_STRIP = NO;
				DEBUG_INFORMATION_FORMAT = "dwarf-with-dsym";
				ENABLE_NS_ASSERTIONS = NO;
				ENABLE_STRICT_OBJC_MSGSEND = YES;
				GCC_C_LANGUAGE_STANDARD = gnu99;
				GCC_NO_COMMON_BLOCKS = YES;
				GCC_WARN_64_TO_32_BIT_CONVERSION = YES;
				GCC_WARN_ABOUT_RETURN_TYPE = YES_ERROR;
				GCC_WARN_UNDECLARED_SELECTOR = YES;
				GCC_WARN_UNINITIALIZED_AUTOS = YES_AGGRESSIVE;
				GCC_WARN_UNUSED_FUNCTION = YES;
				GCC_WARN_UNUSED_VARIABLE = YES;
				IPHONEOS_DEPLOYMENT_TARGET = 10.0;
				MTL_ENABLE_DEBUG_INFO = NO;
				SDKROOT = iphoneos;
				SWIFT_OPTIMIZATION_LEVEL = "-Owholemodule";
				TARGETED_DEVICE_FAMILY = "1,2";
				VALIDATE_PRODUCT = YES;
			};
			name = Release;
		};
		D58B5BF91EC0F17800FA8762 /* Debug */ = {
			isa = XCBuildConfiguration;
			buildSettings = {
				ASSETCATALOG_COMPILER_APPICON_NAME = AppIcon;
				CURRENT_PROJECT_VERSION = 12;
				DEVELOPMENT_TEAM = 2CMT89HYL2;
				INFOPLIST_FILE = FastLaneMatchTestProject/Info.plist;
				LD_RUNPATH_SEARCH_PATHS = "$(inherited) @executable_path/Frameworks";
				PRODUCT_BUNDLE_IDENTIFIER = com.tribalscale.FastLaneMatchTestProject;
				PRODUCT_NAME = "$(TARGET_NAME)";
				PROVISIONING_PROFILE = "5f690d7d-6cdb-47d7-8486-129bd7a2b475";
				PROVISIONING_PROFILE_SPECIFIER = "match Development com.tribalscale.FastLaneMatchTestProject";
				SWIFT_VERSION = 3.0;
				VERSIONING_SYSTEM = "apple-generic";
			};
			name = Debug;
		};
		D58B5BFA1EC0F17800FA8762 /* Release */ = {
			isa = XCBuildConfiguration;
			buildSettings = {
				ASSETCATALOG_COMPILER_APPICON_NAME = AppIcon;
				CURRENT_PROJECT_VERSION = 12;
				DEVELOPMENT_TEAM = 2CMT89HYL2;
				INFOPLIST_FILE = FastLaneMatchTestProject/Info.plist;
				LD_RUNPATH_SEARCH_PATHS = "$(inherited) @executable_path/Frameworks";
				PRODUCT_BUNDLE_IDENTIFIER = com.tribalscale.FastLaneMatchTestProject;
				PRODUCT_NAME = "$(TARGET_NAME)";
				PROVISIONING_PROFILE = "5f690d7d-6cdb-47d7-8486-129bd7a2b475";
				PROVISIONING_PROFILE_SPECIFIER = "match Development com.tribalscale.FastLaneMatchTestProject";
				SWIFT_VERSION = 3.0;
				VERSIONING_SYSTEM = "apple-generic";
			};
			name = Release;
		};
/* End XCBuildConfiguration section */

/* Begin XCConfigurationList section */
		D54B03FD1EC2482D004758E7 /* Build configuration list for PBXNativeTarget "FastLaneMatchTestProjectUITests" */ = {
			isa = XCConfigurationList;
			buildConfigurations = (
				D54B03FB1EC2482D004758E7 /* Debug */,
				D54B03FC1EC2482D004758E7 /* Release */,
			);
			defaultConfigurationIsVisible = 0;
			defaultConfigurationName = Release;
		};
		D58B5BE11EC0F17800FA8762 /* Build configuration list for PBXProject "FastLaneMatchTestProject" */ = {
			isa = XCConfigurationList;
			buildConfigurations = (
				D58B5BF61EC0F17800FA8762 /* Debug */,
				D58B5BF71EC0F17800FA8762 /* Release */,
			);
			defaultConfigurationIsVisible = 0;
			defaultConfigurationName = Release;
		};
		D58B5BF81EC0F17800FA8762 /* Build configuration list for PBXNativeTarget "FastLaneMatchTestProject" */ = {
			isa = XCConfigurationList;
			buildConfigurations = (
				D58B5BF91EC0F17800FA8762 /* Debug */,
				D58B5BFA1EC0F17800FA8762 /* Release */,
			);
			defaultConfigurationIsVisible = 0;
			defaultConfigurationName = Release;
		};
/* End XCConfigurationList section */
	};
	rootObject = D58B5BDE1EC0F17800FA8762 /* Project object */;
}
